
Microsoft Visual Studio Solution File, Format Version 12.00
# Visual Studio Version 17
VisualStudioVersion = 17.4.33103.184
MinimumVisualStudioVersion = 10.0.40219.1
Project("{8BC9CEB8-8B4A-11D0-8D11-00A0C91BC942}") = "CS4220Project1", "CS2060Project1\CS2060Project1.vcxproj", "{08436C3C-F058-4EA2-84CC-3F7D4C604318}"
EndProject
Project("{2150E333-8FDC-42A3-9474-1A3956D46DE8}") = "Solution Items", "Solution Items", "{787F5C1A-AF08-41EA-A058-74627A26F9EA}"
EndProject
Global
	GlobalSection(SolutionConfigurationPlatforms) = preSolution
		Debug|x64 = Debug|x64
		Debug|x86 = Debug|x86
		Release|x64 = Release|x64
		Release|x86 = Release|x86
	EndGlobalSection
	GlobalSection(ProjectConfigurationPlatforms) = postSolution
		{08436C3C-F058-4EA2-84CC-3F7D4C604318}.Debug|x64.ActiveCfg = Debug|x64
		{08436C3C-F058-4EA2-84CC-3F7D4C604318}.Debug|x64.Build.0 = Debug|x64
		{08436C3C-F058-4EA2-84CC-3F7D4C604318}.Debug|x86.ActiveCfg = Debug|Win32
		{08436C3C-F058-4EA2-84CC-3F7D4C604318}.Debug|x86.Build.0 = Debug|Win32
		{08436C3C-F058-4EA2-84CC-3F7D4C604318}.Release|x64.ActiveCfg = Release|x64
		{08436C3C-F058-4EA2-84CC-3F7D4C604318}.Release|x64.Build.0 = Release|x64
		{08436C3C-F058-4EA2-84CC-3F7D4C604318}.Release|x86.ActiveCfg = Release|Win32
		{08436C3C-F058-4EA2-84CC-3F7D4C604318}.Release|x86.Build.0 = Release|Win32
	EndGlobalSection
	GlobalSection(SolutionProperties) = preSolution
		HideSolutionNode = FALSE
	EndGlobalSection
	GlobalSection(ExtensibilityGlobals) = postSolution
		SolutionGuid = {A95F90E1-E1D3-419F-B645-DF0465D4E45E}
	EndGlobalSection
EndGlobal
